// !$*UTF8*$!
{
	archiveVersion = 1;
	classes = {
	};
	objectVersion = 56;
	objects = {

/* Begin PBXBuildFile section */
		3518CC175F549E87DEE96FB0 /* Pods_SwiftArchitectureGuide.framework in Frameworks */ = {isa = PBXBuildFile; fileRef = D9185F2D5EE84CD6FF0A5DF7 /* Pods_SwiftArchitectureGuide.framework */; };
		7E0350F12C9CDF3B00991E65 /* UserManager.swift in Sources */ = {isa = PBXBuildFile; fileRef = 7E0350F02C9CDF3B00991E65 /* UserManager.swift */; };
		7E11DBE92C9A525D003EF82A /* AppDelegate.swift in Sources */ = {isa = PBXBuildFile; fileRef = 7E11DBE82C9A525D003EF82A /* AppDelegate.swift */; };
		7E11DBEB2C9A525D003EF82A /* SceneDelegate.swift in Sources */ = {isa = PBXBuildFile; fileRef = 7E11DBEA2C9A525D003EF82A /* SceneDelegate.swift */; };
		7E11DBED2C9A525D003EF82A /* HomeViewController.swift in Sources */ = {isa = PBXBuildFile; fileRef = 7E11DBEC2C9A525D003EF82A /* HomeViewController.swift */; };
		7E11DBF02C9A525D003EF82A /* Base in Resources */ = {isa = PBXBuildFile; fileRef = 7E11DBEF2C9A525D003EF82A /* Base */; };
		7E11DBF22C9A525F003EF82A /* Assets.xcassets in Resources */ = {isa = PBXBuildFile; fileRef = 7E11DBF12C9A525F003EF82A /* Assets.xcassets */; };
		7E11DBF52C9A525F003EF82A /* Base in Resources */ = {isa = PBXBuildFile; fileRef = 7E11DBF42C9A525F003EF82A /* Base */; };
		7E11DC002C9A525F003EF82A /* SwiftArchitectureGuideTests.swift in Sources */ = {isa = PBXBuildFile; fileRef = 7E11DBFF2C9A525F003EF82A /* SwiftArchitectureGuideTests.swift */; };
		7E11DC0A2C9A525F003EF82A /* SwiftArchitectureGuideUITests.swift in Sources */ = {isa = PBXBuildFile; fileRef = 7E11DC092C9A525F003EF82A /* SwiftArchitectureGuideUITests.swift */; };
		7E11DC0C2C9A525F003EF82A /* SwiftArchitectureGuideUITestsLaunchTests.swift in Sources */ = {isa = PBXBuildFile; fileRef = 7E11DC0B2C9A525F003EF82A /* SwiftArchitectureGuideUITestsLaunchTests.swift */; };
		7E11DC1D2C9A58AE003EF82A /* Constants.swift in Sources */ = {isa = PBXBuildFile; fileRef = 7E11DC1C2C9A58AE003EF82A /* Constants.swift */; };
		7E8B25952C9BA2DB00774573 /* UserProvider.swift in Sources */ = {isa = PBXBuildFile; fileRef = 7E8B25942C9BA2DB00774573 /* UserProvider.swift */; };
		7E8B25982C9BA31600774573 /* UserModel.swift in Sources */ = {isa = PBXBuildFile; fileRef = 7E8B25972C9BA31600774573 /* UserModel.swift */; };
		7E8B259C2C9C448500774573 /* UserBusiness.swift in Sources */ = {isa = PBXBuildFile; fileRef = 7E8B259B2C9C448500774573 /* UserBusiness.swift */; };
		7EF5AEF42CB1635A0080775F /* GoogleService-Info.plist in Resources */ = {isa = PBXBuildFile; fileRef = 7EF5AEF32CB163590080775F /* GoogleService-Info.plist */; };
		7EFFF6042CC138AF0055209D /* LoginViewController.swift in Sources */ = {isa = PBXBuildFile; fileRef = 7EFFF6032CC138AF0055209D /* LoginViewController.swift */; };
		7EFFF6062CC138E50055209D /* RegisterViewController.swift in Sources */ = {isa = PBXBuildFile; fileRef = 7EFFF6052CC138E50055209D /* RegisterViewController.swift */; };
		7EFFF6092CC3DEAC0055209D /* HomePresenter.swift in Sources */ = {isa = PBXBuildFile; fileRef = 7EFFF6082CC3DEAC0055209D /* HomePresenter.swift */; };
		7EFFF60B2CC3DEB80055209D /* LoginPresenter.swift in Sources */ = {isa = PBXBuildFile; fileRef = 7EFFF60A2CC3DEB80055209D /* LoginPresenter.swift */; };
		7EFFF60D2CC3DECC0055209D /* RegisterPresenter.swift in Sources */ = {isa = PBXBuildFile; fileRef = 7EFFF60C2CC3DECC0055209D /* RegisterPresenter.swift */; };
		8542471EEE8F01836A192C1A /* Pods_SwiftArchitectureGuide_SwiftArchitectureGuideUITests.framework in Frameworks */ = {isa = PBXBuildFile; fileRef = EDFCB2AEFA35C8469648DE40 /* Pods_SwiftArchitectureGuide_SwiftArchitectureGuideUITests.framework */; };
		E37848CF3E359D6CE4EBD73B /* Pods_SwiftArchitectureGuideTests.framework in Frameworks */ = {isa = PBXBuildFile; fileRef = 777742590B46E581FAB03C3A /* Pods_SwiftArchitectureGuideTests.framework */; };
/* End PBXBuildFile section */

/* Begin PBXContainerItemProxy section */
		7E11DBFC2C9A525F003EF82A /* PBXContainerItemProxy */ = {
			isa = PBXContainerItemProxy;
			containerPortal = 7E11DBDD2C9A525D003EF82A /* Project object */;
			proxyType = 1;
			remoteGlobalIDString = 7E11DBE42C9A525D003EF82A;
			remoteInfo = SwiftArchitectureGuide;
		};
		7E11DC062C9A525F003EF82A /* PBXContainerItemProxy */ = {
			isa = PBXContainerItemProxy;
			containerPortal = 7E11DBDD2C9A525D003EF82A /* Project object */;
			proxyType = 1;
			remoteGlobalIDString = 7E11DBE42C9A525D003EF82A;
			remoteInfo = SwiftArchitectureGuide;
		};
/* End PBXContainerItemProxy section */

/* Begin PBXFileReference section */
		17E1B582185DC766377569A5 /* Pods-SwiftArchitectureGuide-SwiftArchitectureGuideUITests.debug.xcconfig */ = {isa = PBXFileReference; includeInIndex = 1; lastKnownFileType = text.xcconfig; name = "Pods-SwiftArchitectureGuide-SwiftArchitectureGuideUITests.debug.xcconfig"; path = "Target Support Files/Pods-SwiftArchitectureGuide-SwiftArchitectureGuideUITests/Pods-SwiftArchitectureGuide-SwiftArchitectureGuideUITests.debug.xcconfig"; sourceTree = "<group>"; };
		420F907A3E3E1218C16BCAD0 /* Pods-SwiftArchitectureGuideTests.release.xcconfig */ = {isa = PBXFileReference; includeInIndex = 1; lastKnownFileType = text.xcconfig; name = "Pods-SwiftArchitectureGuideTests.release.xcconfig"; path = "Target Support Files/Pods-SwiftArchitectureGuideTests/Pods-SwiftArchitectureGuideTests.release.xcconfig"; sourceTree = "<group>"; };
		43BA348DCAA8BF5EE8478603 /* Pods-SwiftArchitectureGuide-SwiftArchitectureGuideUITests.release.xcconfig */ = {isa = PBXFileReference; includeInIndex = 1; lastKnownFileType = text.xcconfig; name = "Pods-SwiftArchitectureGuide-SwiftArchitectureGuideUITests.release.xcconfig"; path = "Target Support Files/Pods-SwiftArchitectureGuide-SwiftArchitectureGuideUITests/Pods-SwiftArchitectureGuide-SwiftArchitectureGuideUITests.release.xcconfig"; sourceTree = "<group>"; };
		777742590B46E581FAB03C3A /* Pods_SwiftArchitectureGuideTests.framework */ = {isa = PBXFileReference; explicitFileType = wrapper.framework; includeInIndex = 0; path = Pods_SwiftArchitectureGuideTests.framework; sourceTree = BUILT_PRODUCTS_DIR; };
		7E0350F02C9CDF3B00991E65 /* UserManager.swift */ = {isa = PBXFileReference; lastKnownFileType = sourcecode.swift; path = UserManager.swift; sourceTree = "<group>"; };
		7E11DBE52C9A525D003EF82A /* SwiftArchitectureGuide.app */ = {isa = PBXFileReference; explicitFileType = wrapper.application; includeInIndex = 0; path = SwiftArchitectureGuide.app; sourceTree = BUILT_PRODUCTS_DIR; };
		7E11DBE82C9A525D003EF82A /* AppDelegate.swift */ = {isa = PBXFileReference; lastKnownFileType = sourcecode.swift; path = AppDelegate.swift; sourceTree = "<group>"; };
		7E11DBEA2C9A525D003EF82A /* SceneDelegate.swift */ = {isa = PBXFileReference; lastKnownFileType = sourcecode.swift; path = SceneDelegate.swift; sourceTree = "<group>"; };
		7E11DBEC2C9A525D003EF82A /* HomeViewController.swift */ = {isa = PBXFileReference; lastKnownFileType = sourcecode.swift; path = HomeViewController.swift; sourceTree = "<group>"; };
		7E11DBEF2C9A525D003EF82A /* Base */ = {isa = PBXFileReference; lastKnownFileType = file.storyboard; name = Base; path = Base.lproj/Main.storyboard; sourceTree = "<group>"; };
		7E11DBF12C9A525F003EF82A /* Assets.xcassets */ = {isa = PBXFileReference; lastKnownFileType = folder.assetcatalog; path = Assets.xcassets; sourceTree = "<group>"; };
		7E11DBF42C9A525F003EF82A /* Base */ = {isa = PBXFileReference; lastKnownFileType = file.storyboard; name = Base; path = Base.lproj/LaunchScreen.storyboard; sourceTree = "<group>"; };
		7E11DBF62C9A525F003EF82A /* Info.plist */ = {isa = PBXFileReference; lastKnownFileType = text.plist.xml; path = Info.plist; sourceTree = "<group>"; };
		7E11DBFB2C9A525F003EF82A /* SwiftArchitectureGuideTests.xctest */ = {isa = PBXFileReference; explicitFileType = wrapper.cfbundle; includeInIndex = 0; path = SwiftArchitectureGuideTests.xctest; sourceTree = BUILT_PRODUCTS_DIR; };
		7E11DBFF2C9A525F003EF82A /* SwiftArchitectureGuideTests.swift */ = {isa = PBXFileReference; lastKnownFileType = sourcecode.swift; path = SwiftArchitectureGuideTests.swift; sourceTree = "<group>"; };
		7E11DC052C9A525F003EF82A /* SwiftArchitectureGuideUITests.xctest */ = {isa = PBXFileReference; explicitFileType = wrapper.cfbundle; includeInIndex = 0; path = SwiftArchitectureGuideUITests.xctest; sourceTree = BUILT_PRODUCTS_DIR; };
		7E11DC092C9A525F003EF82A /* SwiftArchitectureGuideUITests.swift */ = {isa = PBXFileReference; lastKnownFileType = sourcecode.swift; path = SwiftArchitectureGuideUITests.swift; sourceTree = "<group>"; };
		7E11DC0B2C9A525F003EF82A /* SwiftArchitectureGuideUITestsLaunchTests.swift */ = {isa = PBXFileReference; lastKnownFileType = sourcecode.swift; path = SwiftArchitectureGuideUITestsLaunchTests.swift; sourceTree = "<group>"; };
		7E11DC1C2C9A58AE003EF82A /* Constants.swift */ = {isa = PBXFileReference; lastKnownFileType = sourcecode.swift; path = Constants.swift; sourceTree = "<group>"; };
		7E8B25942C9BA2DB00774573 /* UserProvider.swift */ = {isa = PBXFileReference; lastKnownFileType = sourcecode.swift; path = UserProvider.swift; sourceTree = "<group>"; };
		7E8B25972C9BA31600774573 /* UserModel.swift */ = {isa = PBXFileReference; lastKnownFileType = sourcecode.swift; path = UserModel.swift; sourceTree = "<group>"; };
		7E8B259B2C9C448500774573 /* UserBusiness.swift */ = {isa = PBXFileReference; lastKnownFileType = sourcecode.swift; path = UserBusiness.swift; sourceTree = "<group>"; };
		7EF5AEF32CB163590080775F /* GoogleService-Info.plist */ = {isa = PBXFileReference; fileEncoding = 4; lastKnownFileType = text.plist.xml; name = "GoogleService-Info.plist"; path = "../../../Downloads/GoogleService-Info.plist"; sourceTree = "<group>"; };
		7EFFF6032CC138AF0055209D /* LoginViewController.swift */ = {isa = PBXFileReference; lastKnownFileType = sourcecode.swift; path = LoginViewController.swift; sourceTree = "<group>"; };
		7EFFF6052CC138E50055209D /* RegisterViewController.swift */ = {isa = PBXFileReference; lastKnownFileType = sourcecode.swift; path = RegisterViewController.swift; sourceTree = "<group>"; };
		7EFFF6082CC3DEAC0055209D /* HomePresenter.swift */ = {isa = PBXFileReference; lastKnownFileType = sourcecode.swift; path = HomePresenter.swift; sourceTree = "<group>"; };
		7EFFF60A2CC3DEB80055209D /* LoginPresenter.swift */ = {isa = PBXFileReference; lastKnownFileType = sourcecode.swift; path = LoginPresenter.swift; sourceTree = "<group>"; };
		7EFFF60C2CC3DECC0055209D /* RegisterPresenter.swift */ = {isa = PBXFileReference; lastKnownFileType = sourcecode.swift; path = RegisterPresenter.swift; sourceTree = "<group>"; };
		96268DB9CF77734BD8F707BD /* Pods-SwiftArchitectureGuideTests.debug.xcconfig */ = {isa = PBXFileReference; includeInIndex = 1; lastKnownFileType = text.xcconfig; name = "Pods-SwiftArchitectureGuideTests.debug.xcconfig"; path = "Target Support Files/Pods-SwiftArchitectureGuideTests/Pods-SwiftArchitectureGuideTests.debug.xcconfig"; sourceTree = "<group>"; };
		9AC95BC155426D08135C9861 /* Pods-SwiftArchitectureGuide.debug.xcconfig */ = {isa = PBXFileReference; includeInIndex = 1; lastKnownFileType = text.xcconfig; name = "Pods-SwiftArchitectureGuide.debug.xcconfig"; path = "Target Support Files/Pods-SwiftArchitectureGuide/Pods-SwiftArchitectureGuide.debug.xcconfig"; sourceTree = "<group>"; };
		D9185F2D5EE84CD6FF0A5DF7 /* Pods_SwiftArchitectureGuide.framework */ = {isa = PBXFileReference; explicitFileType = wrapper.framework; includeInIndex = 0; path = Pods_SwiftArchitectureGuide.framework; sourceTree = BUILT_PRODUCTS_DIR; };
		EC33D0C777DEB3AF8D8ECB3F /* Pods-SwiftArchitectureGuide.release.xcconfig */ = {isa = PBXFileReference; includeInIndex = 1; lastKnownFileType = text.xcconfig; name = "Pods-SwiftArchitectureGuide.release.xcconfig"; path = "Target Support Files/Pods-SwiftArchitectureGuide/Pods-SwiftArchitectureGuide.release.xcconfig"; sourceTree = "<group>"; };
		EDFCB2AEFA35C8469648DE40 /* Pods_SwiftArchitectureGuide_SwiftArchitectureGuideUITests.framework */ = {isa = PBXFileReference; explicitFileType = wrapper.framework; includeInIndex = 0; path = Pods_SwiftArchitectureGuide_SwiftArchitectureGuideUITests.framework; sourceTree = BUILT_PRODUCTS_DIR; };
/* End PBXFileReference section */

/* Begin PBXFrameworksBuildPhase section */
		7E11DBE22C9A525D003EF82A /* Frameworks */ = {
			isa = PBXFrameworksBuildPhase;
			buildActionMask = 2147483647;
			files = (
				3518CC175F549E87DEE96FB0 /* Pods_SwiftArchitectureGuide.framework in Frameworks */,
			);
			runOnlyForDeploymentPostprocessing = 0;
		};
		7E11DBF82C9A525F003EF82A /* Frameworks */ = {
			isa = PBXFrameworksBuildPhase;
			buildActionMask = 2147483647;
			files = (
				E37848CF3E359D6CE4EBD73B /* Pods_SwiftArchitectureGuideTests.framework in Frameworks */,
			);
			runOnlyForDeploymentPostprocessing = 0;
		};
		7E11DC022C9A525F003EF82A /* Frameworks */ = {
			isa = PBXFrameworksBuildPhase;
			buildActionMask = 2147483647;
			files = (
				8542471EEE8F01836A192C1A /* Pods_SwiftArchitectureGuide_SwiftArchitectureGuideUITests.framework in Frameworks */,
			);
			runOnlyForDeploymentPostprocessing = 0;
		};
/* End PBXFrameworksBuildPhase section */

/* Begin PBXGroup section */
		53618847D0407DB3CBFA92B8 /* Pods */ = {
			isa = PBXGroup;
			children = (
				9AC95BC155426D08135C9861 /* Pods-SwiftArchitectureGuide.debug.xcconfig */,
				EC33D0C777DEB3AF8D8ECB3F /* Pods-SwiftArchitectureGuide.release.xcconfig */,
				17E1B582185DC766377569A5 /* Pods-SwiftArchitectureGuide-SwiftArchitectureGuideUITests.debug.xcconfig */,
				43BA348DCAA8BF5EE8478603 /* Pods-SwiftArchitectureGuide-SwiftArchitectureGuideUITests.release.xcconfig */,
				96268DB9CF77734BD8F707BD /* Pods-SwiftArchitectureGuideTests.debug.xcconfig */,
				420F907A3E3E1218C16BCAD0 /* Pods-SwiftArchitectureGuideTests.release.xcconfig */,
			);
			path = Pods;
			sourceTree = "<group>";
		};
		7E11DBDC2C9A525D003EF82A = {
			isa = PBXGroup;
			children = (
				7E11DBE72C9A525D003EF82A /* SwiftArchitectureGuide */,
				7E11DBFE2C9A525F003EF82A /* SwiftArchitectureGuideTests */,
				7E11DC082C9A525F003EF82A /* SwiftArchitectureGuideUITests */,
				7E11DBE62C9A525D003EF82A /* Products */,
				53618847D0407DB3CBFA92B8 /* Pods */,
				E357E7D89F0771D94A40B82E /* Frameworks */,
			);
			sourceTree = "<group>";
		};
		7E11DBE62C9A525D003EF82A /* Products */ = {
			isa = PBXGroup;
			children = (
				7E11DBE52C9A525D003EF82A /* SwiftArchitectureGuide.app */,
				7E11DBFB2C9A525F003EF82A /* SwiftArchitectureGuideTests.xctest */,
				7E11DC052C9A525F003EF82A /* SwiftArchitectureGuideUITests.xctest */,
			);
			name = Products;
			sourceTree = "<group>";
		};
		7E11DBE72C9A525D003EF82A /* SwiftArchitectureGuide */ = {
			isa = PBXGroup;
			children = (
				7E11DC192C9A527F003EF82A /* Infrastructure */,
				7E8B258F2C9B53B000774573 /* Source */,
				7E11DBF62C9A525F003EF82A /* Info.plist */,
				7EF5AEF32CB163590080775F /* GoogleService-Info.plist */,
			);
			path = SwiftArchitectureGuide;
			sourceTree = "<group>";
		};
		7E11DBFE2C9A525F003EF82A /* SwiftArchitectureGuideTests */ = {
			isa = PBXGroup;
			children = (
				7E11DBFF2C9A525F003EF82A /* SwiftArchitectureGuideTests.swift */,
			);
			path = SwiftArchitectureGuideTests;
			sourceTree = "<group>";
		};
		7E11DC082C9A525F003EF82A /* SwiftArchitectureGuideUITests */ = {
			isa = PBXGroup;
			children = (
				7E11DC092C9A525F003EF82A /* SwiftArchitectureGuideUITests.swift */,
				7E11DC0B2C9A525F003EF82A /* SwiftArchitectureGuideUITestsLaunchTests.swift */,
			);
			path = SwiftArchitectureGuideUITests;
			sourceTree = "<group>";
		};
		7E11DC182C9A5276003EF82A /* API */ = {
			isa = PBXGroup;
			children = (
				7E8B25962C9BA30700774573 /* Model */,
				7E8B25912C9B540600774573 /* Provider */,
				7E8B25932C9B541500774573 /* Business */,
				7E8B25922C9B540D00774573 /* Manager */,
			);
			path = API;
			sourceTree = "<group>";
		};
		7E11DC192C9A527F003EF82A /* Infrastructure */ = {
			isa = PBXGroup;
			children = (
				7E11DC182C9A5276003EF82A /* API */,
				7E11DC1C2C9A58AE003EF82A /* Constants.swift */,
			);
			path = Infrastructure;
			sourceTree = "<group>";
		};
		7E8B258F2C9B53B000774573 /* Source */ = {
			isa = PBXGroup;
			children = (
				7EFFF60E2CC3E23D0055209D /* Login */,
				7EFFF60F2CC3E24F0055209D /* Register */,
				7EFFF6102CC3E2680055209D /* Home */,
				7E11DBE82C9A525D003EF82A /* AppDelegate.swift */,
				7E11DBEA2C9A525D003EF82A /* SceneDelegate.swift */,
				7E11DBEE2C9A525D003EF82A /* Main.storyboard */,
				7E11DBF12C9A525F003EF82A /* Assets.xcassets */,
				7E11DBF32C9A525F003EF82A /* LaunchScreen.storyboard */,
			);
			path = Source;
			sourceTree = "<group>";
		};
		7E8B25912C9B540600774573 /* Provider */ = {
			isa = PBXGroup;
			children = (
				7E8B25942C9BA2DB00774573 /* UserProvider.swift */,
			);
			path = Provider;
			sourceTree = "<group>";
		};
		7E8B25922C9B540D00774573 /* Manager */ = {
			isa = PBXGroup;
			children = (
				7E0350F02C9CDF3B00991E65 /* UserManager.swift */,
			);
			path = Manager;
			sourceTree = "<group>";
		};
		7E8B25932C9B541500774573 /* Business */ = {
			isa = PBXGroup;
			children = (
				7E8B259B2C9C448500774573 /* UserBusiness.swift */,
			);
			path = Business;
			sourceTree = "<group>";
		};
		7E8B25962C9BA30700774573 /* Model */ = {
			isa = PBXGroup;
			children = (
				7E8B25972C9BA31600774573 /* UserModel.swift */,
			);
			path = Model;
			sourceTree = "<group>";
		};
		7EFFF60E2CC3E23D0055209D /* Login */ = {
			isa = PBXGroup;
			children = (
				7EFFF6032CC138AF0055209D /* LoginViewController.swift */,
				7EFFF60A2CC3DEB80055209D /* LoginPresenter.swift */,
			);
			path = Login;
			sourceTree = "<group>";
		};
		7EFFF60F2CC3E24F0055209D /* Register */ = {
			isa = PBXGroup;
			children = (
				7EFFF6052CC138E50055209D /* RegisterViewController.swift */,
				7EFFF60C2CC3DECC0055209D /* RegisterPresenter.swift */,
			);
			path = Register;
			sourceTree = "<group>";
		};
		7EFFF6102CC3E2680055209D /* Home */ = {
			isa = PBXGroup;
			children = (
				7E11DBEC2C9A525D003EF82A /* HomeViewController.swift */,
				7EFFF6082CC3DEAC0055209D /* HomePresenter.swift */,
			);
			path = Home;
			sourceTree = "<group>";
		};
		E357E7D89F0771D94A40B82E /* Frameworks */ = {
			isa = PBXGroup;
			children = (
				D9185F2D5EE84CD6FF0A5DF7 /* Pods_SwiftArchitectureGuide.framework */,
				EDFCB2AEFA35C8469648DE40 /* Pods_SwiftArchitectureGuide_SwiftArchitectureGuideUITests.framework */,
				777742590B46E581FAB03C3A /* Pods_SwiftArchitectureGuideTests.framework */,
			);
			name = Frameworks;
			sourceTree = "<group>";
		};
/* End PBXGroup section */

/* Begin PBXNativeTarget section */
		7E11DBE42C9A525D003EF82A /* SwiftArchitectureGuide */ = {
			isa = PBXNativeTarget;
			buildConfigurationList = 7E11DC0F2C9A525F003EF82A /* Build configuration list for PBXNativeTarget "SwiftArchitectureGuide" */;
			buildPhases = (
				73B2DBDEABB3B6912E15079D /* [CP] Check Pods Manifest.lock */,
				7E11DBE12C9A525D003EF82A /* Sources */,
				7E11DBE22C9A525D003EF82A /* Frameworks */,
				7E11DBE32C9A525D003EF82A /* Resources */,
				010FEA534F98827989DE4712 /* [CP] Embed Pods Frameworks */,
			);
			buildRules = (
			);
			dependencies = (
			);
			name = SwiftArchitectureGuide;
			productName = SwiftArchitectureGuide;
			productReference = 7E11DBE52C9A525D003EF82A /* SwiftArchitectureGuide.app */;
			productType = "com.apple.product-type.application";
		};
		7E11DBFA2C9A525F003EF82A /* SwiftArchitectureGuideTests */ = {
			isa = PBXNativeTarget;
			buildConfigurationList = 7E11DC122C9A525F003EF82A /* Build configuration list for PBXNativeTarget "SwiftArchitectureGuideTests" */;
			buildPhases = (
				300E62F6CEF45E4593F0C938 /* [CP] Check Pods Manifest.lock */,
				7E11DBF72C9A525F003EF82A /* Sources */,
				7E11DBF82C9A525F003EF82A /* Frameworks */,
				7E11DBF92C9A525F003EF82A /* Resources */,
			);
			buildRules = (
			);
			dependencies = (
				7E11DBFD2C9A525F003EF82A /* PBXTargetDependency */,
			);
			name = SwiftArchitectureGuideTests;
			productName = SwiftArchitectureGuideTests;
			productReference = 7E11DBFB2C9A525F003EF82A /* SwiftArchitectureGuideTests.xctest */;
			productType = "com.apple.product-type.bundle.unit-test";
		};
		7E11DC042C9A525F003EF82A /* SwiftArchitectureGuideUITests */ = {
			isa = PBXNativeTarget;
			buildConfigurationList = 7E11DC152C9A525F003EF82A /* Build configuration list for PBXNativeTarget "SwiftArchitectureGuideUITests" */;
			buildPhases = (
				504BCF877AD92FBD0291E03E /* [CP] Check Pods Manifest.lock */,
				7E11DC012C9A525F003EF82A /* Sources */,
				7E11DC022C9A525F003EF82A /* Frameworks */,
				7E11DC032C9A525F003EF82A /* Resources */,
				262A164D010D6489755BE192 /* [CP] Embed Pods Frameworks */,
			);
			buildRules = (
			);
			dependencies = (
				7E11DC072C9A525F003EF82A /* PBXTargetDependency */,
			);
			name = SwiftArchitectureGuideUITests;
			productName = SwiftArchitectureGuideUITests;
			productReference = 7E11DC052C9A525F003EF82A /* SwiftArchitectureGuideUITests.xctest */;
			productType = "com.apple.product-type.bundle.ui-testing";
		};
/* End PBXNativeTarget section */

/* Begin PBXProject section */
		7E11DBDD2C9A525D003EF82A /* Project object */ = {
			isa = PBXProject;
			attributes = {
				BuildIndependentTargetsInParallel = 1;
				LastSwiftUpdateCheck = 1540;
				LastUpgradeCheck = 1540;
				TargetAttributes = {
					7E11DBE42C9A525D003EF82A = {
						CreatedOnToolsVersion = 15.4;
					};
					7E11DBFA2C9A525F003EF82A = {
						CreatedOnToolsVersion = 15.4;
						TestTargetID = 7E11DBE42C9A525D003EF82A;
					};
					7E11DC042C9A525F003EF82A = {
						CreatedOnToolsVersion = 15.4;
						TestTargetID = 7E11DBE42C9A525D003EF82A;
					};
				};
			};
			buildConfigurationList = 7E11DBE02C9A525D003EF82A /* Build configuration list for PBXProject "SwiftArchitectureGuide" */;
			compatibilityVersion = "Xcode 14.0";
			developmentRegion = en;
			hasScannedForEncodings = 0;
			knownRegions = (
				en,
				Base,
			);
			mainGroup = 7E11DBDC2C9A525D003EF82A;
			productRefGroup = 7E11DBE62C9A525D003EF82A /* Products */;
			projectDirPath = "";
			projectRoot = "";
			targets = (
				7E11DBE42C9A525D003EF82A /* SwiftArchitectureGuide */,
				7E11DBFA2C9A525F003EF82A /* SwiftArchitectureGuideTests */,
				7E11DC042C9A525F003EF82A /* SwiftArchitectureGuideUITests */,
			);
		};
/* End PBXProject section */

/* Begin PBXResourcesBuildPhase section */
		7E11DBE32C9A525D003EF82A /* Resources */ = {
			isa = PBXResourcesBuildPhase;
			buildActionMask = 2147483647;
			files = (
				7E11DBF22C9A525F003EF82A /* Assets.xcassets in Resources */,
				7EF5AEF42CB1635A0080775F /* GoogleService-Info.plist in Resources */,
				7E11DBF52C9A525F003EF82A /* Base in Resources */,
				7E11DBF02C9A525D003EF82A /* Base in Resources */,
			);
			runOnlyForDeploymentPostprocessing = 0;
		};
		7E11DBF92C9A525F003EF82A /* Resources */ = {
			isa = PBXResourcesBuildPhase;
			buildActionMask = 2147483647;
			files = (
			);
			runOnlyForDeploymentPostprocessing = 0;
		};
		7E11DC032C9A525F003EF82A /* Resources */ = {
			isa = PBXResourcesBuildPhase;
			buildActionMask = 2147483647;
			files = (
			);
			runOnlyForDeploymentPostprocessing = 0;
		};
/* End PBXResourcesBuildPhase section */

/* Begin PBXShellScriptBuildPhase section */
		010FEA534F98827989DE4712 /* [CP] Embed Pods Frameworks */ = {
			isa = PBXShellScriptBuildPhase;
			buildActionMask = 2147483647;
			files = (
			);
			inputFileListPaths = (
				"${PODS_ROOT}/Target Support Files/Pods-SwiftArchitectureGuide/Pods-SwiftArchitectureGuide-frameworks-${CONFIGURATION}-input-files.xcfilelist",
			);
			name = "[CP] Embed Pods Frameworks";
			outputFileListPaths = (
				"${PODS_ROOT}/Target Support Files/Pods-SwiftArchitectureGuide/Pods-SwiftArchitectureGuide-frameworks-${CONFIGURATION}-output-files.xcfilelist",
			);
			runOnlyForDeploymentPostprocessing = 0;
			shellPath = /bin/sh;
			shellScript = "\"${PODS_ROOT}/Target Support Files/Pods-SwiftArchitectureGuide/Pods-SwiftArchitectureGuide-frameworks.sh\"\n";
			showEnvVarsInLog = 0;
		};
		262A164D010D6489755BE192 /* [CP] Embed Pods Frameworks */ = {
			isa = PBXShellScriptBuildPhase;
			buildActionMask = 2147483647;
			files = (
			);
			inputFileListPaths = (
				"${PODS_ROOT}/Target Support Files/Pods-SwiftArchitectureGuide-SwiftArchitectureGuideUITests/Pods-SwiftArchitectureGuide-SwiftArchitectureGuideUITests-frameworks-${CONFIGURATION}-input-files.xcfilelist",
			);
			name = "[CP] Embed Pods Frameworks";
			outputFileListPaths = (
				"${PODS_ROOT}/Target Support Files/Pods-SwiftArchitectureGuide-SwiftArchitectureGuideUITests/Pods-SwiftArchitectureGuide-SwiftArchitectureGuideUITests-frameworks-${CONFIGURATION}-output-files.xcfilelist",
			);
			runOnlyForDeploymentPostprocessing = 0;
			shellPath = /bin/sh;
			shellScript = "\"${PODS_ROOT}/Target Support Files/Pods-SwiftArchitectureGuide-SwiftArchitectureGuideUITests/Pods-SwiftArchitectureGuide-SwiftArchitectureGuideUITests-frameworks.sh\"\n";
			showEnvVarsInLog = 0;
		};
		300E62F6CEF45E4593F0C938 /* [CP] Check Pods Manifest.lock */ = {
			isa = PBXShellScriptBuildPhase;
			buildActionMask = 2147483647;
			files = (
			);
			inputFileListPaths = (
			);
			inputPaths = (
				"${PODS_PODFILE_DIR_PATH}/Podfile.lock",
				"${PODS_ROOT}/Manifest.lock",
			);
			name = "[CP] Check Pods Manifest.lock";
			outputFileListPaths = (
			);
			outputPaths = (
				"$(DERIVED_FILE_DIR)/Pods-SwiftArchitectureGuideTests-checkManifestLockResult.txt",
			);
			runOnlyForDeploymentPostprocessing = 0;
			shellPath = /bin/sh;
			shellScript = "diff \"${PODS_PODFILE_DIR_PATH}/Podfile.lock\" \"${PODS_ROOT}/Manifest.lock\" > /dev/null\nif [ $? != 0 ] ; then\n    # print error to STDERR\n    echo \"error: The sandbox is not in sync with the Podfile.lock. Run 'pod install' or update your CocoaPods installation.\" >&2\n    exit 1\nfi\n# This output is used by Xcode 'outputs' to avoid re-running this script phase.\necho \"SUCCESS\" > \"${SCRIPT_OUTPUT_FILE_0}\"\n";
			showEnvVarsInLog = 0;
		};
		504BCF877AD92FBD0291E03E /* [CP] Check Pods Manifest.lock */ = {
			isa = PBXShellScriptBuildPhase;
			buildActionMask = 2147483647;
			files = (
			);
			inputFileListPaths = (
			);
			inputPaths = (
				"${PODS_PODFILE_DIR_PATH}/Podfile.lock",
				"${PODS_ROOT}/Manifest.lock",
			);
			name = "[CP] Check Pods Manifest.lock";
			outputFileListPaths = (
			);
			outputPaths = (
				"$(DERIVED_FILE_DIR)/Pods-SwiftArchitectureGuide-SwiftArchitectureGuideUITests-checkManifestLockResult.txt",
			);
			runOnlyForDeploymentPostprocessing = 0;
			shellPath = /bin/sh;
			shellScript = "diff \"${PODS_PODFILE_DIR_PATH}/Podfile.lock\" \"${PODS_ROOT}/Manifest.lock\" > /dev/null\nif [ $? != 0 ] ; then\n    # print error to STDERR\n    echo \"error: The sandbox is not in sync with the Podfile.lock. Run 'pod install' or update your CocoaPods installation.\" >&2\n    exit 1\nfi\n# This output is used by Xcode 'outputs' to avoid re-running this script phase.\necho \"SUCCESS\" > \"${SCRIPT_OUTPUT_FILE_0}\"\n";
			showEnvVarsInLog = 0;
		};
		73B2DBDEABB3B6912E15079D /* [CP] Check Pods Manifest.lock */ = {
			isa = PBXShellScriptBuildPhase;
			buildActionMask = 2147483647;
			files = (
			);
			inputFileListPaths = (
			);
			inputPaths = (
				"${PODS_PODFILE_DIR_PATH}/Podfile.lock",
				"${PODS_ROOT}/Manifest.lock",
			);
			name = "[CP] Check Pods Manifest.lock";
			outputFileListPaths = (
			);
			outputPaths = (
				"$(DERIVED_FILE_DIR)/Pods-SwiftArchitectureGuide-checkManifestLockResult.txt",
			);
			runOnlyForDeploymentPostprocessing = 0;
			shellPath = /bin/sh;
			shellScript = "diff \"${PODS_PODFILE_DIR_PATH}/Podfile.lock\" \"${PODS_ROOT}/Manifest.lock\" > /dev/null\nif [ $? != 0 ] ; then\n    # print error to STDERR\n    echo \"error: The sandbox is not in sync with the Podfile.lock. Run 'pod install' or update your CocoaPods installation.\" >&2\n    exit 1\nfi\n# This output is used by Xcode 'outputs' to avoid re-running this script phase.\necho \"SUCCESS\" > \"${SCRIPT_OUTPUT_FILE_0}\"\n";
			showEnvVarsInLog = 0;
		};
/* End PBXShellScriptBuildPhase section */

/* Begin PBXSourcesBuildPhase section */
		7E11DBE12C9A525D003EF82A /* Sources */ = {
			isa = PBXSourcesBuildPhase;
			buildActionMask = 2147483647;
			files = (
				7EFFF60B2CC3DEB80055209D /* LoginPresenter.swift in Sources */,
				7EFFF6042CC138AF0055209D /* LoginViewController.swift in Sources */,
				7EFFF6062CC138E50055209D /* RegisterViewController.swift in Sources */,
				7E11DBED2C9A525D003EF82A /* HomeViewController.swift in Sources */,
				7E11DBE92C9A525D003EF82A /* AppDelegate.swift in Sources */,
				7E11DBEB2C9A525D003EF82A /* SceneDelegate.swift in Sources */,
				7E11DC1D2C9A58AE003EF82A /* Constants.swift in Sources */,
				7EFFF60D2CC3DECC0055209D /* RegisterPresenter.swift in Sources */,
				7E8B25982C9BA31600774573 /* UserModel.swift in Sources */,
				7E8B25952C9BA2DB00774573 /* UserProvider.swift in Sources */,
				7E0350F12C9CDF3B00991E65 /* UserManager.swift in Sources */,
				7E8B259C2C9C448500774573 /* UserBusiness.swift in Sources */,
				7EFFF6092CC3DEAC0055209D /* HomePresenter.swift in Sources */,
			);
			runOnlyForDeploymentPostprocessing = 0;
		};
		7E11DBF72C9A525F003EF82A /* Sources */ = {
			isa = PBXSourcesBuildPhase;
			buildActionMask = 2147483647;
			files = (
				7E11DC002C9A525F003EF82A /* SwiftArchitectureGuideTests.swift in Sources */,
			);
			runOnlyForDeploymentPostprocessing = 0;
		};
		7E11DC012C9A525F003EF82A /* Sources */ = {
			isa = PBXSourcesBuildPhase;
			buildActionMask = 2147483647;
			files = (
				7E11DC0C2C9A525F003EF82A /* SwiftArchitectureGuideUITestsLaunchTests.swift in Sources */,
				7E11DC0A2C9A525F003EF82A /* SwiftArchitectureGuideUITests.swift in Sources */,
			);
			runOnlyForDeploymentPostprocessing = 0;
		};
/* End PBXSourcesBuildPhase section */

/* Begin PBXTargetDependency section */
		7E11DBFD2C9A525F003EF82A /* PBXTargetDependency */ = {
			isa = PBXTargetDependency;
			target = 7E11DBE42C9A525D003EF82A /* SwiftArchitectureGuide */;
			targetProxy = 7E11DBFC2C9A525F003EF82A /* PBXContainerItemProxy */;
		};
		7E11DC072C9A525F003EF82A /* PBXTargetDependency */ = {
			isa = PBXTargetDependency;
			target = 7E11DBE42C9A525D003EF82A /* SwiftArchitectureGuide */;
			targetProxy = 7E11DC062C9A525F003EF82A /* PBXContainerItemProxy */;
		};
/* End PBXTargetDependency section */

/* Begin PBXVariantGroup section */
		7E11DBEE2C9A525D003EF82A /* Main.storyboard */ = {
			isa = PBXVariantGroup;
			children = (
				7E11DBEF2C9A525D003EF82A /* Base */,
			);
			name = Main.storyboard;
			sourceTree = "<group>";
		};
		7E11DBF32C9A525F003EF82A /* LaunchScreen.storyboard */ = {
			isa = PBXVariantGroup;
			children = (
				7E11DBF42C9A525F003EF82A /* Base */,
			);
			name = LaunchScreen.storyboard;
			sourceTree = "<group>";
		};
/* End PBXVariantGroup section */

/* Begin XCBuildConfiguration section */
		7E11DC0D2C9A525F003EF82A /* Debug */ = {
			isa = XCBuildConfiguration;
			buildSettings = {
				ALWAYS_SEARCH_USER_PATHS = NO;
				ASSETCATALOG_COMPILER_GENERATE_SWIFT_ASSET_SYMBOL_EXTENSIONS = YES;
				CLANG_ANALYZER_NONNULL = YES;
				CLANG_ANALYZER_NUMBER_OBJECT_CONVERSION = YES_AGGRESSIVE;
				CLANG_CXX_LANGUAGE_STANDARD = "gnu++20";
				CLANG_ENABLE_MODULES = YES;
				CLANG_ENABLE_OBJC_ARC = YES;
				CLANG_ENABLE_OBJC_WEAK = YES;
				CLANG_WARN_BLOCK_CAPTURE_AUTORELEASING = YES;
				CLANG_WARN_BOOL_CONVERSION = YES;
				CLANG_WARN_COMMA = YES;
				CLANG_WARN_CONSTANT_CONVERSION = YES;
				CLANG_WARN_DEPRECATED_OBJC_IMPLEMENTATIONS = YES;
				CLANG_WARN_DIRECT_OBJC_ISA_USAGE = YES_ERROR;
				CLANG_WARN_DOCUMENTATION_COMMENTS = YES;
				CLANG_WARN_EMPTY_BODY = YES;
				CLANG_WARN_ENUM_CONVERSION = YES;
				CLANG_WARN_INFINITE_RECURSION = YES;
				CLANG_WARN_INT_CONVERSION = YES;
				CLANG_WARN_NON_LITERAL_NULL_CONVERSION = YES;
				CLANG_WARN_OBJC_IMPLICIT_RETAIN_SELF = YES;
				CLANG_WARN_OBJC_LITERAL_CONVERSION = YES;
				CLANG_WARN_OBJC_ROOT_CLASS = YES_ERROR;
				CLANG_WARN_QUOTED_INCLUDE_IN_FRAMEWORK_HEADER = YES;
				CLANG_WARN_RANGE_LOOP_ANALYSIS = YES;
				CLANG_WARN_STRICT_PROTOTYPES = YES;
				CLANG_WARN_SUSPICIOUS_MOVE = YES;
				CLANG_WARN_UNGUARDED_AVAILABILITY = YES_AGGRESSIVE;
				CLANG_WARN_UNREACHABLE_CODE = YES;
				CLANG_WARN__DUPLICATE_METHOD_MATCH = YES;
				COPY_PHASE_STRIP = NO;
				DEBUG_INFORMATION_FORMAT = dwarf;
				ENABLE_STRICT_OBJC_MSGSEND = YES;
				ENABLE_TESTABILITY = YES;
				ENABLE_USER_SCRIPT_SANDBOXING = NO;
				GCC_C_LANGUAGE_STANDARD = gnu17;
				GCC_DYNAMIC_NO_PIC = NO;
				GCC_NO_COMMON_BLOCKS = YES;
				GCC_OPTIMIZATION_LEVEL = 0;
				GCC_PREPROCESSOR_DEFINITIONS = (
					"DEBUG=1",
					"$(inherited)",
				);
				GCC_WARN_64_TO_32_BIT_CONVERSION = YES;
				GCC_WARN_ABOUT_RETURN_TYPE = YES_ERROR;
				GCC_WARN_UNDECLARED_SELECTOR = YES;
				GCC_WARN_UNINITIALIZED_AUTOS = YES_AGGRESSIVE;
				GCC_WARN_UNUSED_FUNCTION = YES;
				GCC_WARN_UNUSED_VARIABLE = YES;
				IPHONEOS_DEPLOYMENT_TARGET = 17.5;
				LOCALIZATION_PREFERS_STRING_CATALOGS = YES;
				MTL_ENABLE_DEBUG_INFO = INCLUDE_SOURCE;
				MTL_FAST_MATH = YES;
				ONLY_ACTIVE_ARCH = YES;
				SDKROOT = iphoneos;
				SWIFT_ACTIVE_COMPILATION_CONDITIONS = "DEBUG $(inherited)";
				SWIFT_OPTIMIZATION_LEVEL = "-Onone";
			};
			name = Debug;
		};
		7E11DC0E2C9A525F003EF82A /* Release */ = {
			isa = XCBuildConfiguration;
			buildSettings = {
				ALWAYS_SEARCH_USER_PATHS = NO;
				ASSETCATALOG_COMPILER_GENERATE_SWIFT_ASSET_SYMBOL_EXTENSIONS = YES;
				CLANG_ANALYZER_NONNULL = YES;
				CLANG_ANALYZER_NUMBER_OBJECT_CONVERSION = YES_AGGRESSIVE;
				CLANG_CXX_LANGUAGE_STANDARD = "gnu++20";
				CLANG_ENABLE_MODULES = YES;
				CLANG_ENABLE_OBJC_ARC = YES;
				CLANG_ENABLE_OBJC_WEAK = YES;
				CLANG_WARN_BLOCK_CAPTURE_AUTORELEASING = YES;
				CLANG_WARN_BOOL_CONVERSION = YES;
				CLANG_WARN_COMMA = YES;
				CLANG_WARN_CONSTANT_CONVERSION = YES;
				CLANG_WARN_DEPRECATED_OBJC_IMPLEMENTATIONS = YES;
				CLANG_WARN_DIRECT_OBJC_ISA_USAGE = YES_ERROR;
				CLANG_WARN_DOCUMENTATION_COMMENTS = YES;
				CLANG_WARN_EMPTY_BODY = YES;
				CLANG_WARN_ENUM_CONVERSION = YES;
				CLANG_WARN_INFINITE_RECURSION = YES;
				CLANG_WARN_INT_CONVERSION = YES;
				CLANG_WARN_NON_LITERAL_NULL_CONVERSION = YES;
				CLANG_WARN_OBJC_IMPLICIT_RETAIN_SELF = YES;
				CLANG_WARN_OBJC_LITERAL_CONVERSION = YES;
				CLANG_WARN_OBJC_ROOT_CLASS = YES_ERROR;
				CLANG_WARN_QUOTED_INCLUDE_IN_FRAMEWORK_HEADER = YES;
				CLANG_WARN_RANGE_LOOP_ANALYSIS = YES;
				CLANG_WARN_STRICT_PROTOTYPES = YES;
				CLANG_WARN_SUSPICIOUS_MOVE = YES;
				CLANG_WARN_UNGUARDED_AVAILABILITY = YES_AGGRESSIVE;
				CLANG_WARN_UNREACHABLE_CODE = YES;
				CLANG_WARN__DUPLICATE_METHOD_MATCH = YES;
				COPY_PHASE_STRIP = NO;
				DEBUG_INFORMATION_FORMAT = "dwarf-with-dsym";
				ENABLE_NS_ASSERTIONS = NO;
				ENABLE_STRICT_OBJC_MSGSEND = YES;
				ENABLE_USER_SCRIPT_SANDBOXING = NO;
				GCC_C_LANGUAGE_STANDARD = gnu17;
				GCC_NO_COMMON_BLOCKS = YES;
				GCC_WARN_64_TO_32_BIT_CONVERSION = YES;
				GCC_WARN_ABOUT_RETURN_TYPE = YES_ERROR;
				GCC_WARN_UNDECLARED_SELECTOR = YES;
				GCC_WARN_UNINITIALIZED_AUTOS = YES_AGGRESSIVE;
				GCC_WARN_UNUSED_FUNCTION = YES;
				GCC_WARN_UNUSED_VARIABLE = YES;
				IPHONEOS_DEPLOYMENT_TARGET = 17.5;
				LOCALIZATION_PREFERS_STRING_CATALOGS = YES;
				MTL_ENABLE_DEBUG_INFO = NO;
				MTL_FAST_MATH = YES;
				SDKROOT = iphoneos;
				SWIFT_COMPILATION_MODE = wholemodule;
				VALIDATE_PRODUCT = YES;
			};
			name = Release;
		};
		7E11DC102C9A525F003EF82A /* Debug */ = {
			isa = XCBuildConfiguration;
			baseConfigurationReference = 9AC95BC155426D08135C9861 /* Pods-SwiftArchitectureGuide.debug.xcconfig */;
			buildSettings = {
				ASSETCATALOG_COMPILER_APPICON_NAME = AppIcon;
				ASSETCATALOG_COMPILER_GLOBAL_ACCENT_COLOR_NAME = AccentColor;
				CODE_SIGN_STYLE = Automatic;
				CURRENT_PROJECT_VERSION = 1;
				DEVELOPMENT_TEAM = 7823M5V5PX;
				GENERATE_INFOPLIST_FILE = YES;
				INFOPLIST_FILE = SwiftArchitectureGuide/Info.plist;
				INFOPLIST_KEY_UIApplicationSupportsIndirectInputEvents = YES;
				INFOPLIST_KEY_UILaunchStoryboardName = LaunchScreen;
				INFOPLIST_KEY_UIMainStoryboardFile = Main;
				INFOPLIST_KEY_UISupportedInterfaceOrientations = UIInterfaceOrientationPortrait;
				LD_RUNPATH_SEARCH_PATHS = (
					"$(inherited)",
					"@executable_path/Frameworks",
				);
				MARKETING_VERSION = 1.0;
				PRODUCT_BUNDLE_IDENTIFIER = com.jvgarcia.application.SwiftArchitectureGuide;
				PRODUCT_NAME = "$(TARGET_NAME)";
				SUPPORTED_PLATFORMS = "iphoneos iphonesimulator";
				SUPPORTS_MACCATALYST = NO;
				SUPPORTS_MAC_DESIGNED_FOR_IPHONE_IPAD = NO;
				SUPPORTS_XR_DESIGNED_FOR_IPHONE_IPAD = NO;
				SWIFT_EMIT_LOC_STRINGS = YES;
				SWIFT_VERSION = 5.0;
				TARGETED_DEVICE_FAMILY = 1;
			};
			name = Debug;
		};
		7E11DC112C9A525F003EF82A /* Release */ = {
			isa = XCBuildConfiguration;
			baseConfigurationReference = EC33D0C777DEB3AF8D8ECB3F /* Pods-SwiftArchitectureGuide.release.xcconfig */;
			buildSettings = {
				ASSETCATALOG_COMPILER_APPICON_NAME = AppIcon;
				ASSETCATALOG_COMPILER_GLOBAL_ACCENT_COLOR_NAME = AccentColor;
				CODE_SIGN_STYLE = Automatic;
				CURRENT_PROJECT_VERSION = 1;
				DEVELOPMENT_TEAM = 7823M5V5PX;
				GENERATE_INFOPLIST_FILE = YES;
				INFOPLIST_FILE = SwiftArchitectureGuide/Info.plist;
				INFOPLIST_KEY_UIApplicationSupportsIndirectInputEvents = YES;
				INFOPLIST_KEY_UILaunchStoryboardName = LaunchScreen;
				INFOPLIST_KEY_UIMainStoryboardFile = Main;
				INFOPLIST_KEY_UISupportedInterfaceOrientations = UIInterfaceOrientationPortrait;
				LD_RUNPATH_SEARCH_PATHS = (
					"$(inherited)",
					"@executable_path/Frameworks",
				);
				MARKETING_VERSION = 1.0;
				PRODUCT_BUNDLE_IDENTIFIER = com.jvgarcia.application.SwiftArchitectureGuide;
				PRODUCT_NAME = "$(TARGET_NAME)";
				SUPPORTED_PLATFORMS = "iphoneos iphonesimulator";
				SUPPORTS_MACCATALYST = NO;
				SUPPORTS_MAC_DESIGNED_FOR_IPHONE_IPAD = NO;
				SUPPORTS_XR_DESIGNED_FOR_IPHONE_IPAD = NO;
				SWIFT_EMIT_LOC_STRINGS = YES;
				SWIFT_VERSION = 5.0;
				TARGETED_DEVICE_FAMILY = 1;
			};
			name = Release;
		};
		7E11DC132C9A525F003EF82A /* Debug */ = {
			isa = XCBuildConfiguration;
			baseConfigurationReference = 96268DB9CF77734BD8F707BD /* Pods-SwiftArchitectureGuideTests.debug.xcconfig */;
			buildSettings = {
				ALWAYS_EMBED_SWIFT_STANDARD_LIBRARIES = YES;
				BUNDLE_LOADER = "$(TEST_HOST)";
				CODE_SIGN_STYLE = Automatic;
				CURRENT_PROJECT_VERSION = 1;
				GENERATE_INFOPLIST_FILE = YES;
				IPHONEOS_DEPLOYMENT_TARGET = 17.5;
				MARKETING_VERSION = 1.0;
				PRODUCT_BUNDLE_IDENTIFIER = com.jvgarcia.application.SwiftArchitectureGuideTests;
				PRODUCT_NAME = "$(TARGET_NAME)";
				SWIFT_EMIT_LOC_STRINGS = NO;
				SWIFT_VERSION = 5.0;
				TARGETED_DEVICE_FAMILY = "1,2";
				TEST_HOST = "$(BUILT_PRODUCTS_DIR)/SwiftArchitectureGuide.app/$(BUNDLE_EXECUTABLE_FOLDER_PATH)/SwiftArchitectureGuide";
			};
			name = Debug;
		};
		7E11DC142C9A525F003EF82A /* Release */ = {
			isa = XCBuildConfiguration;
			baseConfigurationReference = 420F907A3E3E1218C16BCAD0 /* Pods-SwiftArchitectureGuideTests.release.xcconfig */;
			buildSettings = {
				ALWAYS_EMBED_SWIFT_STANDARD_LIBRARIES = YES;
				BUNDLE_LOADER = "$(TEST_HOST)";
				CODE_SIGN_STYLE = Automatic;
				CURRENT_PROJECT_VERSION = 1;
				GENERATE_INFOPLIST_FILE = YES;
				IPHONEOS_DEPLOYMENT_TARGET = 17.5;
				MARKETING_VERSION = 1.0;
				PRODUCT_BUNDLE_IDENTIFIER = com.jvgarcia.application.SwiftArchitectureGuideTests;
				PRODUCT_NAME = "$(TARGET_NAME)";
				SWIFT_EMIT_LOC_STRINGS = NO;
				SWIFT_VERSION = 5.0;
				TARGETED_DEVICE_FAMILY = "1,2";
				TEST_HOST = "$(BUILT_PRODUCTS_DIR)/SwiftArchitectureGuide.app/$(BUNDLE_EXECUTABLE_FOLDER_PATH)/SwiftArchitectureGuide";
			};
			name = Release;
		};
		7E11DC162C9A525F003EF82A /* Debug */ = {
			isa = XCBuildConfiguration;
			baseConfigurationReference = 17E1B582185DC766377569A5 /* Pods-SwiftArchitectureGuide-SwiftArchitectureGuideUITests.debug.xcconfig */;
			buildSettings = {
				ALWAYS_EMBED_SWIFT_STANDARD_LIBRARIES = YES;
				CODE_SIGN_STYLE = Automatic;
				CURRENT_PROJECT_VERSION = 1;
				GENERATE_INFOPLIST_FILE = YES;
				MARKETING_VERSION = 1.0;
				PRODUCT_BUNDLE_IDENTIFIER = com.jvgarcia.application.SwiftArchitectureGuideUITests;
				PRODUCT_NAME = "$(TARGET_NAME)";
				SWIFT_EMIT_LOC_STRINGS = NO;
				SWIFT_VERSION = 5.0;
				TARGETED_DEVICE_FAMILY = "1,2";
				TEST_TARGET_NAME = SwiftArchitectureGuide;
			};
			name = Debug;
		};
		7E11DC172C9A525F003EF82A /* Release */ = {
			isa = XCBuildConfiguration;
			baseConfigurationReference = 43BA348DCAA8BF5EE8478603 /* Pods-SwiftArchitectureGuide-SwiftArchitectureGuideUITests.release.xcconfig */;
			buildSettings = {
				ALWAYS_EMBED_SWIFT_STANDARD_LIBRARIES = YES;
				CODE_SIGN_STYLE = Automatic;
				CURRENT_PROJECT_VERSION = 1;
				GENERATE_INFOPLIST_FILE = YES;
				MARKETING_VERSION = 1.0;
				PRODUCT_BUNDLE_IDENTIFIER = com.jvgarcia.application.SwiftArchitectureGuideUITests;
				PRODUCT_NAME = "$(TARGET_NAME)";
				SWIFT_EMIT_LOC_STRINGS = NO;
				SWIFT_VERSION = 5.0;
				TARGETED_DEVICE_FAMILY = "1,2";
				TEST_TARGET_NAME = SwiftArchitectureGuide;
			};
			name = Release;
		};
/* End XCBuildConfiguration section */

/* Begin XCConfigurationList section */
		7E11DBE02C9A525D003EF82A /* Build configuration list for PBXProject "SwiftArchitectureGuide" */ = {
			isa = XCConfigurationList;
			buildConfigurations = (
				7E11DC0D2C9A525F003EF82A /* Debug */,
				7E11DC0E2C9A525F003EF82A /* Release */,
			);
			defaultConfigurationIsVisible = 0;
			defaultConfigurationName = Release;
		};
		7E11DC0F2C9A525F003EF82A /* Build configuration list for PBXNativeTarget "SwiftArchitectureGuide" */ = {
			isa = XCConfigurationList;
			buildConfigurations = (
				7E11DC102C9A525F003EF82A /* Debug */,
				7E11DC112C9A525F003EF82A /* Release */,
			);
			defaultConfigurationIsVisible = 0;
			defaultConfigurationName = Release;
		};
		7E11DC122C9A525F003EF82A /* Build configuration list for PBXNativeTarget "SwiftArchitectureGuideTests" */ = {
			isa = XCConfigurationList;
			buildConfigurations = (
				7E11DC132C9A525F003EF82A /* Debug */,
				7E11DC142C9A525F003EF82A /* Release */,
			);
			defaultConfigurationIsVisible = 0;
			defaultConfigurationName = Release;
		};
		7E11DC152C9A525F003EF82A /* Build configuration list for PBXNativeTarget "SwiftArchitectureGuideUITests" */ = {
			isa = XCConfigurationList;
			buildConfigurations = (
				7E11DC162C9A525F003EF82A /* Debug */,
				7E11DC172C9A525F003EF82A /* Release */,
			);
			defaultConfigurationIsVisible = 0;
			defaultConfigurationName = Release;
		};
/* End XCConfigurationList section */
	};
	rootObject = 7E11DBDD2C9A525D003EF82A /* Project object */;
}
